
Microsoft Visual Studio Solution File, Format Version 12.00
# Visual Studio Version 17
VisualStudioVersion = 17.12.35527.113
MinimumVisualStudioVersion = 10.0.40219.1
Project("{FAE04EC0-301F-11D3-BF4B-00C04F79EFBC}") = "Day1Demo", "Day1Demo\Day1Demo.csproj", "{8277DCA9-4B54-488F-B011-B6F790B3AAC7}"
EndProject
Project("{FAE04EC0-301F-11D3-BF4B-00C04F79EFBC}") = "Day2Demo", "Day2Demo\Day2Demo.csproj", "{B9B29A31-5991-486B-BD93-54D007C16AEB}"
EndProject
Project("{FAE04EC0-301F-11D3-BF4B-00C04F79EFBC}") = "Day3Demo", "Day3Demo\Day3Demo.csproj", "{90F65639-0708-49DE-A961-195BA795B07D}"
EndProject
Project("{FAE04EC0-301F-11D3-BF4B-00C04F79EFBC}") = "Day4Demo", "Day4Demo\Day4Demo.csproj", "{F385DD5D-BA74-48C2-8969-C9BFE8740C86}"
EndProject
Global
	GlobalSection(SolutionConfigurationPlatforms) = preSolution
		Debug|Any CPU = Debug|Any CPU
		Release|Any CPU = Release|Any CPU
	EndGlobalSection
	GlobalSection(ProjectConfigurationPlatforms) = postSolution
		{8277DCA9-4B54-488F-B011-B6F790B3AAC7}.Debug|Any CPU.ActiveCfg = Debug|Any CPU
		{8277DCA9-4B54-488F-B011-B6F790B3AAC7}.Debug|Any CPU.Build.0 = Debug|Any CPU
		{8277DCA9-4B54-488F-B011-B6F790B3AAC7}.Release|Any CPU.ActiveCfg = Release|Any CPU
		{8277DCA9-4B54-488F-B011-B6F790B3AAC7}.Release|Any CPU.Build.0 = Release|Any CPU
		{B9B29A31-5991-486B-BD93-54D007C16AEB}.Debug|Any CPU.ActiveCfg = Debug|Any CPU
		{B9B29A31-5991-486B-BD93-54D007C16AEB}.Debug|Any CPU.Build.0 = Debug|Any CPU
		{B9B29A31-5991-486B-BD93-54D007C16AEB}.Release|Any CPU.ActiveCfg = Release|Any CPU
		{B9B29A31-5991-486B-BD93-54D007C16AEB}.Release|Any CPU.Build.0 = Release|Any CPU
		{90F65639-0708-49DE-A961-195BA795B07D}.Debug|Any CPU.ActiveCfg = Debug|Any CPU
		{90F65639-0708-49DE-A961-195BA795B07D}.Debug|Any CPU.Build.0 = Debug|Any CPU
		{90F65639-0708-49DE-A961-195BA795B07D}.Release|Any CPU.ActiveCfg = Release|Any CPU
		{90F65639-0708-49DE-A961-195BA795B07D}.Release|Any CPU.Build.0 = Release|Any CPU
		{F385DD5D-BA74-48C2-8969-C9BFE8740C86}.Debug|Any CPU.ActiveCfg = Debug|Any CPU
		{F385DD5D-BA74-48C2-8969-C9BFE8740C86}.Debug|Any CPU.Build.0 = Debug|Any CPU
		{F385DD5D-BA74-48C2-8969-C9BFE8740C86}.Release|Any CPU.ActiveCfg = Release|Any CPU
		{F385DD5D-BA74-48C2-8969-C9BFE8740C86}.Release|Any CPU.Build.0 = Release|Any CPU
	EndGlobalSection
	GlobalSection(SolutionProperties) = preSolution
		HideSolutionNode = FALSE
	EndGlobalSection
EndGlobal
